// !$*UTF8*$!
{
	archiveVersion = 1;
	classes = {
	};
	objectVersion = 50;
	objects = {

/* Begin PBXBuildFile section */
		56D1453D232C7750006C167F /* AppDelegate.swift in Sources */ = {isa = PBXBuildFile; fileRef = 56D1453C232C7750006C167F /* AppDelegate.swift */; };
		56D14542232C7750006C167F /* Main.storyboard in Resources */ = {isa = PBXBuildFile; fileRef = 56D14540232C7750006C167F /* Main.storyboard */; };
		56D14544232C7754006C167F /* Assets.xcassets in Resources */ = {isa = PBXBuildFile; fileRef = 56D14543232C7754006C167F /* Assets.xcassets */; };
		56D14547232C7754006C167F /* LaunchScreen.storyboard in Resources */ = {isa = PBXBuildFile; fileRef = 56D14545232C7754006C167F /* LaunchScreen.storyboard */; };
		56D14550232C778C006C167F /* LinkedList.swift in Sources */ = {isa = PBXBuildFile; fileRef = 56D1454F232C778C006C167F /* LinkedList.swift */; };
		56D14556232C7891006C167F /* LinkedListVC.swift in Sources */ = {isa = PBXBuildFile; fileRef = 56D14555232C7891006C167F /* LinkedListVC.swift */; };
/* End PBXBuildFile section */

/* Begin PBXFileReference section */
		56D14539232C7750006C167F /* CSLib.app */ = {isa = PBXFileReference; explicitFileType = wrapper.application; includeInIndex = 0; path = CSLib.app; sourceTree = BUILT_PRODUCTS_DIR; };
		56D1453C232C7750006C167F /* AppDelegate.swift */ = {isa = PBXFileReference; lastKnownFileType = sourcecode.swift; path = AppDelegate.swift; sourceTree = "<group>"; };
		56D14541232C7750006C167F /* Base */ = {isa = PBXFileReference; lastKnownFileType = file.storyboard; name = Base; path = Base.lproj/Main.storyboard; sourceTree = "<group>"; };
		56D14543232C7754006C167F /* Assets.xcassets */ = {isa = PBXFileReference; lastKnownFileType = folder.assetcatalog; path = Assets.xcassets; sourceTree = "<group>"; };
		56D14546232C7754006C167F /* Base */ = {isa = PBXFileReference; lastKnownFileType = file.storyboard; name = Base; path = Base.lproj/LaunchScreen.storyboard; sourceTree = "<group>"; };
		56D14548232C7754006C167F /* Info.plist */ = {isa = PBXFileReference; lastKnownFileType = text.plist.xml; path = Info.plist; sourceTree = "<group>"; };
		56D1454F232C778C006C167F /* LinkedList.swift */ = {isa = PBXFileReference; lastKnownFileType = sourcecode.swift; path = LinkedList.swift; sourceTree = "<group>"; };
		56D14555232C7891006C167F /* LinkedListVC.swift */ = {isa = PBXFileReference; lastKnownFileType = sourcecode.swift; path = LinkedListVC.swift; sourceTree = "<group>"; };
/* End PBXFileReference section */

/* Begin PBXFrameworksBuildPhase section */
		56D14536232C7750006C167F /* Frameworks */ = {
			isa = PBXFrameworksBuildPhase;
			buildActionMask = 2147483647;
			files = (
			);
			runOnlyForDeploymentPostprocessing = 0;
		};
/* End PBXFrameworksBuildPhase section */

/* Begin PBXGroup section */
		56D14530232C7750006C167F = {
			isa = PBXGroup;
			children = (
				56D1453B232C7750006C167F /* CSLib */,
				56D1453A232C7750006C167F /* Products */,
			);
			sourceTree = "<group>";
		};
		56D1453A232C7750006C167F /* Products */ = {
			isa = PBXGroup;
			children = (
				56D14539232C7750006C167F /* CSLib.app */,
			);
			name = Products;
			sourceTree = "<group>";
		};
		56D1453B232C7750006C167F /* CSLib */ = {
			isa = PBXGroup;
			children = (
				56D1454E232C776C006C167F /* Resources */,
				56D14540232C7750006C167F /* Main.storyboard */,
				56D14557232C82D2006C167F /* LinkedLists */,
			);
			path = CSLib;
			sourceTree = "<group>";
		};
		56D1454E232C776C006C167F /* Resources */ = {
			isa = PBXGroup;
			children = (
				56D1453C232C7750006C167F /* AppDelegate.swift */,
				56D14543232C7754006C167F /* Assets.xcassets */,
				56D14545232C7754006C167F /* LaunchScreen.storyboard */,
				56D14548232C7754006C167F /* Info.plist */,
			);
			path = Resources;
			sourceTree = "<group>";
		};
		56D14557232C82D2006C167F /* LinkedLists */ = {
			isa = PBXGroup;
			children = (
				56D1454F232C778C006C167F /* LinkedList.swift */,
				56D14555232C7891006C167F /* LinkedListVC.swift */,
			);
			path = LinkedLists;
			sourceTree = "<group>";
		};
/* End PBXGroup section */

/* Begin PBXNativeTarget section */
		56D14538232C7750006C167F /* CSLib */ = {
			isa = PBXNativeTarget;
			buildConfigurationList = 56D1454B232C7754006C167F /* Build configuration list for PBXNativeTarget "CSLib" */;
			buildPhases = (
				56D14535232C7750006C167F /* Sources */,
				56D14536232C7750006C167F /* Frameworks */,
				56D14537232C7750006C167F /* Resources */,
			);
			buildRules = (
			);
			dependencies = (
			);
			name = CSLib;
			productName = CSLib;
			productReference = 56D14539232C7750006C167F /* CSLib.app */;
			productType = "com.apple.product-type.application";
		};
/* End PBXNativeTarget section */

/* Begin PBXProject section */
		56D14531232C7750006C167F /* Project object */ = {
			isa = PBXProject;
			attributes = {
				LastSwiftUpdateCheck = 1030;
				LastUpgradeCheck = 1030;
				ORGANIZATIONNAME = "Brian Daniel";
				TargetAttributes = {
					56D14538232C7750006C167F = {
						CreatedOnToolsVersion = 10.3;
					};
				};
			};
			buildConfigurationList = 56D14534232C7750006C167F /* Build configuration list for PBXProject "CSLib" */;
			compatibilityVersion = "Xcode 9.3";
			developmentRegion = en;
			hasScannedForEncodings = 0;
			knownRegions = (
				en,
				Base,
			);
			mainGroup = 56D14530232C7750006C167F;
			productRefGroup = 56D1453A232C7750006C167F /* Products */;
			projectDirPath = "";
			projectRoot = "";
			targets = (
				56D14538232C7750006C167F /* CSLib */,
			);
		};
/* End PBXProject section */

/* Begin PBXResourcesBuildPhase section */
		56D14537232C7750006C167F /* Resources */ = {
			isa = PBXResourcesBuildPhase;
			buildActionMask = 2147483647;
			files = (
				56D14547232C7754006C167F /* LaunchScreen.storyboard in Resources */,
				56D14544232C7754006C167F /* Assets.xcassets in Resources */,
				56D14542232C7750006C167F /* Main.storyboard in Resources */,
			);
			runOnlyForDeploymentPostprocessing = 0;
		};
/* End PBXResourcesBuildPhase section */

/* Begin PBXSourcesBuildPhase section */
		56D14535232C7750006C167F /* Sources */ = {
			isa = PBXSourcesBuildPhase;
			buildActionMask = 2147483647;
			files = (
				56D14556232C7891006C167F /* LinkedListVC.swift in Sources */,
				56D14550232C778C006C167F /* LinkedList.swift in Sources */,
				56D1453D232C7750006C167F /* AppDelegate.swift in Sources */,
			);
			runOnlyForDeploymentPostprocessing = 0;
		};
/* End PBXSourcesBuildPhase section */

/* Begin PBXVariantGroup section */
		56D14540232C7750006C167F /* Main.storyboard */ = {
			isa = PBXVariantGroup;
			children = (
				56D14541232C7750006C167F /* Base */,
			);
			name = Main.storyboard;
			sourceTree = "<group>";
		};
		56D14545232C7754006C167F /* LaunchScreen.storyboard */ = {
			isa = PBXVariantGroup;
			children = (
				56D14546232C7754006C167F /* Base */,
			);
			name = LaunchScreen.storyboard;
			sourceTree = "<group>";
		};
/* End PBXVariantGroup section */

/* Begin XCBuildConfiguration section */
		56D14549232C7754006C167F /* Debug */ = {
			isa = XCBuildConfiguration;
			buildSettings = {
				ALWAYS_SEARCH_USER_PATHS = NO;
				CLANG_ANALYZER_NONNULL = YES;
				CLANG_ANALYZER_NUMBER_OBJECT_CONVERSION = YES_AGGRESSIVE;
				CLANG_CXX_LANGUAGE_STANDARD = "gnu++14";
				CLANG_CXX_LIBRARY = "libc++";
				CLANG_ENABLE_MODULES = YES;
				CLANG_ENABLE_OBJC_ARC = YES;
				CLANG_ENABLE_OBJC_WEAK = YES;
				CLANG_WARN_BLOCK_CAPTURE_AUTORELEASING = YES;
				CLANG_WARN_BOOL_CONVERSION = YES;
				CLANG_WARN_COMMA = YES;
				CLANG_WARN_CONSTANT_CONVERSION = YES;
				CLANG_WARN_DEPRECATED_OBJC_IMPLEMENTATIONS = YES;
				CLANG_WARN_DIRECT_OBJC_ISA_USAGE = YES_ERROR;
				CLANG_WARN_DOCUMENTATION_COMMENTS = YES;
				CLANG_WARN_EMPTY_BODY = YES;
				CLANG_WARN_ENUM_CONVERSION = YES;
				CLANG_WARN_INFINITE_RECURSION = YES;
				CLANG_WARN_INT_CONVERSION = YES;
				CLANG_WARN_NON_LITERAL_NULL_CONVERSION = YES;
				CLANG_WARN_OBJC_IMPLICIT_RETAIN_SELF = YES;
				CLANG_WARN_OBJC_LITERAL_CONVERSION = YES;
				CLANG_WARN_OBJC_ROOT_CLASS = YES_ERROR;
				CLANG_WARN_RANGE_LOOP_ANALYSIS = YES;
				CLANG_WARN_STRICT_PROTOTYPES = YES;
				CLANG_WARN_SUSPICIOUS_MOVE = YES;
				CLANG_WARN_UNGUARDED_AVAILABILITY = YES_AGGRESSIVE;
				CLANG_WARN_UNREACHABLE_CODE = YES;
				CLANG_WARN__DUPLICATE_METHOD_MATCH = YES;
				CODE_SIGN_IDENTITY = "iPhone Developer";
				COPY_PHASE_STRIP = NO;
				DEBUG_INFORMATION_FORMAT = dwarf;
				ENABLE_STRICT_OBJC_MSGSEND = YES;
				ENABLE_TESTABILITY = YES;
				GCC_C_LANGUAGE_STANDARD = gnu11;
				GCC_DYNAMIC_NO_PIC = NO;
				GCC_NO_COMMON_BLOCKS = YES;
				GCC_OPTIMIZATION_LEVEL = 0;
				GCC_PREPROCESSOR_DEFINITIONS = (
					"DEBUG=1",
					"$(inherited)",
				);
				GCC_WARN_64_TO_32_BIT_CONVERSION = YES;
				GCC_WARN_ABOUT_RETURN_TYPE = YES_ERROR;
				GCC_WARN_UNDECLARED_SELECTOR = YES;
				GCC_WARN_UNINITIALIZED_AUTOS = YES_AGGRESSIVE;
				GCC_WARN_UNUSED_FUNCTION = YES;
				GCC_WARN_UNUSED_VARIABLE = YES;
				IPHONEOS_DEPLOYMENT_TARGET = 12.4;
				MTL_ENABLE_DEBUG_INFO = INCLUDE_SOURCE;
				MTL_FAST_MATH = YES;
				ONLY_ACTIVE_ARCH = YES;
				SDKROOT = iphoneos;
				SWIFT_ACTIVE_COMPILATION_CONDITIONS = DEBUG;
				SWIFT_OPTIMIZATION_LEVEL = "-Onone";
			};
			name = Debug;
		};
		56D1454A232C7754006C167F /* Release */ = {
			isa = XCBuildConfiguration;
			buildSettings = {
				ALWAYS_SEARCH_USER_PATHS = NO;
				CLANG_ANALYZER_NONNULL = YES;
				CLANG_ANALYZER_NUMBER_OBJECT_CONVERSION = YES_AGGRESSIVE;
				CLANG_CXX_LANGUAGE_STANDARD = "gnu++14";
				CLANG_CXX_LIBRARY = "libc++";
				CLANG_ENABLE_MODULES = YES;
				CLANG_ENABLE_OBJC_ARC = YES;
				CLANG_ENABLE_OBJC_WEAK = YES;
				CLANG_WARN_BLOCK_CAPTURE_AUTORELEASING = YES;
				CLANG_WARN_BOOL_CONVERSION = YES;
				CLANG_WARN_COMMA = YES;
				CLANG_WARN_CONSTANT_CONVERSION = YES;
				CLANG_WARN_DEPRECATED_OBJC_IMPLEMENTATIONS = YES;
				CLANG_WARN_DIRECT_OBJC_ISA_USAGE = YES_ERROR;
				CLANG_WARN_DOCUMENTATION_COMMENTS = YES;
				CLANG_WARN_EMPTY_BODY = YES;
				CLANG_WARN_ENUM_CONVERSION = YES;
				CLANG_WARN_INFINITE_RECURSION = YES;
				CLANG_WARN_INT_CONVERSION = YES;
				CLANG_WARN_NON_LITERAL_NULL_CONVERSION = YES;
				CLANG_WARN_OBJC_IMPLICIT_RETAIN_SELF = YES;
				CLANG_WARN_OBJC_LITERAL_CONVERSION = YES;
				CLANG_WARN_OBJC_ROOT_CLASS = YES_ERROR;
				CLANG_WARN_RANGE_LOOP_ANALYSIS = YES;
				CLANG_WARN_STRICT_PROTOTYPES = YES;
				CLANG_WARN_SUSPICIOUS_MOVE = YES;
				CLANG_WARN_UNGUARDED_AVAILABILITY = YES_AGGRESSIVE;
				CLANG_WARN_UNREACHABLE_CODE = YES;
				CLANG_WARN__DUPLICATE_METHOD_MATCH = YES;
				CODE_SIGN_IDENTITY = "iPhone Developer";
				COPY_PHASE_STRIP = NO;
				DEBUG_INFORMATION_FORMAT = "dwarf-with-dsym";
				ENABLE_NS_ASSERTIONS = NO;
				ENABLE_STRICT_OBJC_MSGSEND = YES;
				GCC_C_LANGUAGE_STANDARD = gnu11;
				GCC_NO_COMMON_BLOCKS = YES;
				GCC_WARN_64_TO_32_BIT_CONVERSION = YES;
				GCC_WARN_ABOUT_RETURN_TYPE = YES_ERROR;
				GCC_WARN_UNDECLARED_SELECTOR = YES;
				GCC_WARN_UNINITIALIZED_AUTOS = YES_AGGRESSIVE;
				GCC_WARN_UNUSED_FUNCTION = YES;
				GCC_WARN_UNUSED_VARIABLE = YES;
				IPHONEOS_DEPLOYMENT_TARGET = 12.4;
				MTL_ENABLE_DEBUG_INFO = NO;
				MTL_FAST_MATH = YES;
				SDKROOT = iphoneos;
				SWIFT_COMPILATION_MODE = wholemodule;
				SWIFT_OPTIMIZATION_LEVEL = "-O";
				VALIDATE_PRODUCT = YES;
			};
			name = Release;
		};
		56D1454C232C7754006C167F /* Debug */ = {
			isa = XCBuildConfiguration;
			buildSettings = {
				ASSETCATALOG_COMPILER_APPICON_NAME = AppIcon;
				CODE_SIGN_STYLE = Automatic;
				DEVELOPMENT_TEAM = 2F9Q94NNH5;
				INFOPLIST_FILE = "$(SRCROOT)/CSLib/Resources/Info.plist";
				LD_RUNPATH_SEARCH_PATHS = (
					"$(inherited)",
					"@executable_path/Frameworks",
				);
				PRODUCT_BUNDLE_IDENTIFIER = dev.brianhersh.CSLib;
				PRODUCT_NAME = "$(TARGET_NAME)";
				SWIFT_VERSION = 5.0;
				TARGETED_DEVICE_FAMILY = "1,2";
			};
			name = Debug;
		};
		56D1454D232C7754006C167F /* Release */ = {
			isa = XCBuildConfiguration;
			buildSettings = {
				ASSETCATALOG_COMPILER_APPICON_NAME = AppIcon;
				CODE_SIGN_STYLE = Automatic;
				DEVELOPMENT_TEAM = 2F9Q94NNH5;
				INFOPLIST_FILE = "$(SRCROOT)/CSLib/Resources/Info.plist";
				LD_RUNPATH_SEARCH_PATHS = (
					"$(inherited)",
					"@executable_path/Frameworks",
				);
				PRODUCT_BUNDLE_IDENTIFIER = dev.brianhersh.CSLib;
				PRODUCT_NAME = "$(TARGET_NAME)";
				SWIFT_VERSION = 5.0;
				TARGETED_DEVICE_FAMILY = "1,2";
			};
			name = Release;
		};
/* End XCBuildConfiguration section */

/* Begin XCConfigurationList section */
		56D14534232C7750006C167F /* Build configuration list for PBXProject "CSLib" */ = {
			isa = XCConfigurationList;
			buildConfigurations = (
				56D14549232C7754006C167F /* Debug */,
				56D1454A232C7754006C167F /* Release */,
			);
			defaultConfigurationIsVisible = 0;
			defaultConfigurationName = Release;
		};
		56D1454B232C7754006C167F /* Build configuration list for PBXNativeTarget "CSLib" */ = {
			isa = XCConfigurationList;
			buildConfigurations = (
				56D1454C232C7754006C167F /* Debug */,
				56D1454D232C7754006C167F /* Release */,
			);
			defaultConfigurationIsVisible = 0;
			defaultConfigurationName = Release;
		};
/* End XCConfigurationList section */
	};
	rootObject = 56D14531232C7750006C167F /* Project object */;
}
